// !$*UTF8*$!
{
	archiveVersion = 1;
	classes = {
	};
	objectVersion = 50;
	objects = {

/* Begin PBXBuildFile section */
		AAD5638924C90B4F000A816A /* AppDelegate.swift in Sources */ = {isa = PBXBuildFile; fileRef = AAD5638824C90B4F000A816A /* AppDelegate.swift */; };
		AAD5638B24C90B4F000A816A /* ViewController.swift in Sources */ = {isa = PBXBuildFile; fileRef = AAD5638A24C90B4F000A816A /* ViewController.swift */; };
		AAD5638E24C90B4F000A816A /* Main.storyboard in Resources */ = {isa = PBXBuildFile; fileRef = AAD5638C24C90B4F000A816A /* Main.storyboard */; };
		AAD5639024C90B55000A816A /* Assets.xcassets in Resources */ = {isa = PBXBuildFile; fileRef = AAD5638F24C90B55000A816A /* Assets.xcassets */; };
		AAD5639324C90B55000A816A /* LaunchScreen.storyboard in Resources */ = {isa = PBXBuildFile; fileRef = AAD5639124C90B55000A816A /* LaunchScreen.storyboard */; };
		AAD5639E24C90B55000A816A /* TipsterTests.swift in Sources */ = {isa = PBXBuildFile; fileRef = AAD5639D24C90B55000A816A /* TipsterTests.swift */; };
		AAD563A924C90B55000A816A /* TipsterUITests.swift in Sources */ = {isa = PBXBuildFile; fileRef = AAD563A824C90B55000A816A /* TipsterUITests.swift */; };
/* End PBXBuildFile section */

/* Begin PBXContainerItemProxy section */
		AAD5639A24C90B55000A816A /* PBXContainerItemProxy */ = {
			isa = PBXContainerItemProxy;
			containerPortal = AAD5637D24C90B4F000A816A /* Project object */;
			proxyType = 1;
			remoteGlobalIDString = AAD5638424C90B4F000A816A;
			remoteInfo = Tipster;
		};
		AAD563A524C90B55000A816A /* PBXContainerItemProxy */ = {
			isa = PBXContainerItemProxy;
			containerPortal = AAD5637D24C90B4F000A816A /* Project object */;
			proxyType = 1;
			remoteGlobalIDString = AAD5638424C90B4F000A816A;
			remoteInfo = Tipster;
		};
/* End PBXContainerItemProxy section */

/* Begin PBXFileReference section */
		AAD5638524C90B4F000A816A /* Tipster.app */ = {isa = PBXFileReference; explicitFileType = wrapper.application; includeInIndex = 0; path = Tipster.app; sourceTree = BUILT_PRODUCTS_DIR; };
		AAD5638824C90B4F000A816A /* AppDelegate.swift */ = {isa = PBXFileReference; lastKnownFileType = sourcecode.swift; path = AppDelegate.swift; sourceTree = "<group>"; };
		AAD5638A24C90B4F000A816A /* ViewController.swift */ = {isa = PBXFileReference; lastKnownFileType = sourcecode.swift; path = ViewController.swift; sourceTree = "<group>"; };
		AAD5638D24C90B4F000A816A /* Base */ = {isa = PBXFileReference; lastKnownFileType = file.storyboard; name = Base; path = Base.lproj/Main.storyboard; sourceTree = "<group>"; };
		AAD5638F24C90B55000A816A /* Assets.xcassets */ = {isa = PBXFileReference; lastKnownFileType = folder.assetcatalog; path = Assets.xcassets; sourceTree = "<group>"; };
		AAD5639224C90B55000A816A /* Base */ = {isa = PBXFileReference; lastKnownFileType = file.storyboard; name = Base; path = Base.lproj/LaunchScreen.storyboard; sourceTree = "<group>"; };
		AAD5639424C90B55000A816A /* Info.plist */ = {isa = PBXFileReference; lastKnownFileType = text.plist.xml; path = Info.plist; sourceTree = "<group>"; };
		AAD5639924C90B55000A816A /* TipsterTests.xctest */ = {isa = PBXFileReference; explicitFileType = wrapper.cfbundle; includeInIndex = 0; path = TipsterTests.xctest; sourceTree = BUILT_PRODUCTS_DIR; };
		AAD5639D24C90B55000A816A /* TipsterTests.swift */ = {isa = PBXFileReference; lastKnownFileType = sourcecode.swift; path = TipsterTests.swift; sourceTree = "<group>"; };
		AAD5639F24C90B55000A816A /* Info.plist */ = {isa = PBXFileReference; lastKnownFileType = text.plist.xml; path = Info.plist; sourceTree = "<group>"; };
		AAD563A424C90B55000A816A /* TipsterUITests.xctest */ = {isa = PBXFileReference; explicitFileType = wrapper.cfbundle; includeInIndex = 0; path = TipsterUITests.xctest; sourceTree = BUILT_PRODUCTS_DIR; };
		AAD563A824C90B55000A816A /* TipsterUITests.swift */ = {isa = PBXFileReference; lastKnownFileType = sourcecode.swift; path = TipsterUITests.swift; sourceTree = "<group>"; };
		AAD563AA24C90B55000A816A /* Info.plist */ = {isa = PBXFileReference; lastKnownFileType = text.plist.xml; path = Info.plist; sourceTree = "<group>"; };
/* End PBXFileReference section */

/* Begin PBXFrameworksBuildPhase section */
		AAD5638224C90B4F000A816A /* Frameworks */ = {
			isa = PBXFrameworksBuildPhase;
			buildActionMask = 2147483647;
			files = (
			);
			runOnlyForDeploymentPostprocessing = 0;
		};
		AAD5639624C90B55000A816A /* Frameworks */ = {
			isa = PBXFrameworksBuildPhase;
			buildActionMask = 2147483647;
			files = (
			);
			runOnlyForDeploymentPostprocessing = 0;
		};
		AAD563A124C90B55000A816A /* Frameworks */ = {
			isa = PBXFrameworksBuildPhase;
			buildActionMask = 2147483647;
			files = (
			);
			runOnlyForDeploymentPostprocessing = 0;
		};
/* End PBXFrameworksBuildPhase section */

/* Begin PBXGroup section */
		AAD5637C24C90B4F000A816A = {
			isa = PBXGroup;
			children = (
				AAD5638724C90B4F000A816A /* Tipster */,
				AAD5639C24C90B55000A816A /* TipsterTests */,
				AAD563A724C90B55000A816A /* TipsterUITests */,
				AAD5638624C90B4F000A816A /* Products */,
			);
			sourceTree = "<group>";
		};
		AAD5638624C90B4F000A816A /* Products */ = {
			isa = PBXGroup;
			children = (
				AAD5638524C90B4F000A816A /* Tipster.app */,
				AAD5639924C90B55000A816A /* TipsterTests.xctest */,
				AAD563A424C90B55000A816A /* TipsterUITests.xctest */,
			);
			name = Products;
			sourceTree = "<group>";
		};
		AAD5638724C90B4F000A816A /* Tipster */ = {
			isa = PBXGroup;
			children = (
				AAD5638824C90B4F000A816A /* AppDelegate.swift */,
				AAD5638A24C90B4F000A816A /* ViewController.swift */,
				AAD5638C24C90B4F000A816A /* Main.storyboard */,
				AAD5638F24C90B55000A816A /* Assets.xcassets */,
				AAD5639124C90B55000A816A /* LaunchScreen.storyboard */,
				AAD5639424C90B55000A816A /* Info.plist */,
			);
			path = Tipster;
			sourceTree = "<group>";
		};
		AAD5639C24C90B55000A816A /* TipsterTests */ = {
			isa = PBXGroup;
			children = (
				AAD5639D24C90B55000A816A /* TipsterTests.swift */,
				AAD5639F24C90B55000A816A /* Info.plist */,
			);
			path = TipsterTests;
			sourceTree = "<group>";
		};
		AAD563A724C90B55000A816A /* TipsterUITests */ = {
			isa = PBXGroup;
			children = (
				AAD563A824C90B55000A816A /* TipsterUITests.swift */,
				AAD563AA24C90B55000A816A /* Info.plist */,
			);
			path = TipsterUITests;
			sourceTree = "<group>";
		};
/* End PBXGroup section */

/* Begin PBXNativeTarget section */
		AAD5638424C90B4F000A816A /* Tipster */ = {
			isa = PBXNativeTarget;
			buildConfigurationList = AAD563AD24C90B55000A816A /* Build configuration list for PBXNativeTarget "Tipster" */;
			buildPhases = (
				AAD5638124C90B4F000A816A /* Sources */,
				AAD5638224C90B4F000A816A /* Frameworks */,
				AAD5638324C90B4F000A816A /* Resources */,
			);
			buildRules = (
			);
			dependencies = (
			);
			name = Tipster;
			productName = Tipster;
			productReference = AAD5638524C90B4F000A816A /* Tipster.app */;
			productType = "com.apple.product-type.application";
		};
		AAD5639824C90B55000A816A /* TipsterTests */ = {
			isa = PBXNativeTarget;
			buildConfigurationList = AAD563B024C90B55000A816A /* Build configuration list for PBXNativeTarget "TipsterTests" */;
			buildPhases = (
				AAD5639524C90B55000A816A /* Sources */,
				AAD5639624C90B55000A816A /* Frameworks */,
				AAD5639724C90B55000A816A /* Resources */,
			);
			buildRules = (
			);
			dependencies = (
				AAD5639B24C90B55000A816A /* PBXTargetDependency */,
			);
			name = TipsterTests;
			productName = TipsterTests;
			productReference = AAD5639924C90B55000A816A /* TipsterTests.xctest */;
			productType = "com.apple.product-type.bundle.unit-test";
		};
		AAD563A324C90B55000A816A /* TipsterUITests */ = {
			isa = PBXNativeTarget;
			buildConfigurationList = AAD563B324C90B55000A816A /* Build configuration list for PBXNativeTarget "TipsterUITests" */;
			buildPhases = (
				AAD563A024C90B55000A816A /* Sources */,
				AAD563A124C90B55000A816A /* Frameworks */,
				AAD563A224C90B55000A816A /* Resources */,
			);
			buildRules = (
			);
			dependencies = (
				AAD563A624C90B55000A816A /* PBXTargetDependency */,
			);
			name = TipsterUITests;
			productName = TipsterUITests;
			productReference = AAD563A424C90B55000A816A /* TipsterUITests.xctest */;
			productType = "com.apple.product-type.bundle.ui-testing";
		};
/* End PBXNativeTarget section */

/* Begin PBXProject section */
		AAD5637D24C90B4F000A816A /* Project object */ = {
			isa = PBXProject;
			attributes = {
				LastSwiftUpdateCheck = 1020;
				LastUpgradeCheck = 1020;
				ORGANIZATIONNAME = "Helen Amaro";
				TargetAttributes = {
					AAD5638424C90B4F000A816A = {
						CreatedOnToolsVersion = 10.2.1;
					};
					AAD5639824C90B55000A816A = {
						CreatedOnToolsVersion = 10.2.1;
						TestTargetID = AAD5638424C90B4F000A816A;
					};
					AAD563A324C90B55000A816A = {
						CreatedOnToolsVersion = 10.2.1;
						TestTargetID = AAD5638424C90B4F000A816A;
					};
				};
			};
			buildConfigurationList = AAD5638024C90B4F000A816A /* Build configuration list for PBXProject "Tipster" */;
			compatibilityVersion = "Xcode 9.3";
			developmentRegion = en;
			hasScannedForEncodings = 0;
			knownRegions = (
				en,
				Base,
			);
			mainGroup = AAD5637C24C90B4F000A816A;
			productRefGroup = AAD5638624C90B4F000A816A /* Products */;
			projectDirPath = "";
			projectRoot = "";
			targets = (
				AAD5638424C90B4F000A816A /* Tipster */,
				AAD5639824C90B55000A816A /* TipsterTests */,
				AAD563A324C90B55000A816A /* TipsterUITests */,
			);
		};
/* End PBXProject section */

/* Begin PBXResourcesBuildPhase section */
		AAD5638324C90B4F000A816A /* Resources */ = {
			isa = PBXResourcesBuildPhase;
			buildActionMask = 2147483647;
			files = (
				AAD5639324C90B55000A816A /* LaunchScreen.storyboard in Resources */,
				AAD5639024C90B55000A816A /* Assets.xcassets in Resources */,
				AAD5638E24C90B4F000A816A /* Main.storyboard in Resources */,
			);
			runOnlyForDeploymentPostprocessing = 0;
		};
		AAD5639724C90B55000A816A /* Resources */ = {
			isa = PBXResourcesBuildPhase;
			buildActionMask = 2147483647;
			files = (
			);
			runOnlyForDeploymentPostprocessing = 0;
		};
		AAD563A224C90B55000A816A /* Resources */ = {
			isa = PBXResourcesBuildPhase;
			buildActionMask = 2147483647;
			files = (
			);
			runOnlyForDeploymentPostprocessing = 0;
		};
/* End PBXResourcesBuildPhase section */

/* Begin PBXSourcesBuildPhase section */
		AAD5638124C90B4F000A816A /* Sources */ = {
			isa = PBXSourcesBuildPhase;
			buildActionMask = 2147483647;
			files = (
				AAD5638B24C90B4F000A816A /* ViewController.swift in Sources */,
				AAD5638924C90B4F000A816A /* AppDelegate.swift in Sources */,
			);
			runOnlyForDeploymentPostprocessing = 0;
		};
		AAD5639524C90B55000A816A /* Sources */ = {
			isa = PBXSourcesBuildPhase;
			buildActionMask = 2147483647;
			files = (
				AAD5639E24C90B55000A816A /* TipsterTests.swift in Sources */,
			);
			runOnlyForDeploymentPostprocessing = 0;
		};
		AAD563A024C90B55000A816A /* Sources */ = {
			isa = PBXSourcesBuildPhase;
			buildActionMask = 2147483647;
			files = (
				AAD563A924C90B55000A816A /* TipsterUITests.swift in Sources */,
			);
			runOnlyForDeploymentPostprocessing = 0;
		};
/* End PBXSourcesBuildPhase section */

/* Begin PBXTargetDependency section */
		AAD5639B24C90B55000A816A /* PBXTargetDependency */ = {
			isa = PBXTargetDependency;
			target = AAD5638424C90B4F000A816A /* Tipster */;
			targetProxy = AAD5639A24C90B55000A816A /* PBXContainerItemProxy */;
		};
		AAD563A624C90B55000A816A /* PBXTargetDependency */ = {
			isa = PBXTargetDependency;
			target = AAD5638424C90B4F000A816A /* Tipster */;
			targetProxy = AAD563A524C90B55000A816A /* PBXContainerItemProxy */;
		};
/* End PBXTargetDependency section */

/* Begin PBXVariantGroup section */
		AAD5638C24C90B4F000A816A /* Main.storyboard */ = {
			isa = PBXVariantGroup;
			children = (
				AAD5638D24C90B4F000A816A /* Base */,
			);
			name = Main.storyboard;
			sourceTree = "<group>";
		};
		AAD5639124C90B55000A816A /* LaunchScreen.storyboard */ = {
			isa = PBXVariantGroup;
			children = (
				AAD5639224C90B55000A816A /* Base */,
			);
			name = LaunchScreen.storyboard;
			sourceTree = "<group>";
		};
/* End PBXVariantGroup section */

/* Begin XCBuildConfiguration section */
		AAD563AB24C90B55000A816A /* Debug */ = {
			isa = XCBuildConfiguration;
			buildSettings = {
				ALWAYS_SEARCH_USER_PATHS = NO;
				CLANG_ANALYZER_NONNULL = YES;
				CLANG_ANALYZER_NUMBER_OBJECT_CONVERSION = YES_AGGRESSIVE;
				CLANG_CXX_LANGUAGE_STANDARD = "gnu++14";
				CLANG_CXX_LIBRARY = "libc++";
				CLANG_ENABLE_MODULES = YES;
				CLANG_ENABLE_OBJC_ARC = YES;
				CLANG_ENABLE_OBJC_WEAK = YES;
				CLANG_WARN_BLOCK_CAPTURE_AUTORELEASING = YES;
				CLANG_WARN_BOOL_CONVERSION = YES;
				CLANG_WARN_COMMA = YES;
				CLANG_WARN_CONSTANT_CONVERSION = YES;
				CLANG_WARN_DEPRECATED_OBJC_IMPLEMENTATIONS = YES;
				CLANG_WARN_DIRECT_OBJC_ISA_USAGE = YES_ERROR;
				CLANG_WARN_DOCUMENTATION_COMMENTS = YES;
				CLANG_WARN_EMPTY_BODY = YES;
				CLANG_WARN_ENUM_CONVERSION = YES;
				CLANG_WARN_INFINITE_RECURSION = YES;
				CLANG_WARN_INT_CONVERSION = YES;
				CLANG_WARN_NON_LITERAL_NULL_CONVERSION = YES;
				CLANG_WARN_OBJC_IMPLICIT_RETAIN_SELF = YES;
				CLANG_WARN_OBJC_LITERAL_CONVERSION = YES;
				CLANG_WARN_OBJC_ROOT_CLASS = YES_ERROR;
				CLANG_WARN_RANGE_LOOP_ANALYSIS = YES;
				CLANG_WARN_STRICT_PROTOTYPES = YES;
				CLANG_WARN_SUSPICIOUS_MOVE = YES;
				CLANG_WARN_UNGUARDED_AVAILABILITY = YES_AGGRESSIVE;
				CLANG_WARN_UNREACHABLE_CODE = YES;
				CLANG_WARN__DUPLICATE_METHOD_MATCH = YES;
				CODE_SIGN_IDENTITY = "iPhone Developer";
				COPY_PHASE_STRIP = NO;
				DEBUG_INFORMATION_FORMAT = dwarf;
				ENABLE_STRICT_OBJC_MSGSEND = YES;
				ENABLE_TESTABILITY = YES;
				GCC_C_LANGUAGE_STANDARD = gnu11;
				GCC_DYNAMIC_NO_PIC = NO;
				GCC_NO_COMMON_BLOCKS = YES;
				GCC_OPTIMIZATION_LEVEL = 0;
				GCC_PREPROCESSOR_DEFINITIONS = (
					"DEBUG=1",
					"$(inherited)",
				);
				GCC_WARN_64_TO_32_BIT_CONVERSION = YES;
				GCC_WARN_ABOUT_RETURN_TYPE = YES_ERROR;
				GCC_WARN_UNDECLARED_SELECTOR = YES;
				GCC_WARN_UNINITIALIZED_AUTOS = YES_AGGRESSIVE;
				GCC_WARN_UNUSED_FUNCTION = YES;
				GCC_WARN_UNUSED_VARIABLE = YES;
				IPHONEOS_DEPLOYMENT_TARGET = 12.2;
				MTL_ENABLE_DEBUG_INFO = INCLUDE_SOURCE;
				MTL_FAST_MATH = YES;
				ONLY_ACTIVE_ARCH = YES;
				SDKROOT = iphoneos;
				SWIFT_ACTIVE_COMPILATION_CONDITIONS = DEBUG;
				SWIFT_OPTIMIZATION_LEVEL = "-Onone";
			};
			name = Debug;
		};
		AAD563AC24C90B55000A816A /* Release */ = {
			isa = XCBuildConfiguration;
			buildSettings = {
				ALWAYS_SEARCH_USER_PATHS = NO;
				CLANG_ANALYZER_NONNULL = YES;
				CLANG_ANALYZER_NUMBER_OBJECT_CONVERSION = YES_AGGRESSIVE;
				CLANG_CXX_LANGUAGE_STANDARD = "gnu++14";
				CLANG_CXX_LIBRARY = "libc++";
				CLANG_ENABLE_MODULES = YES;
				CLANG_ENABLE_OBJC_ARC = YES;
				CLANG_ENABLE_OBJC_WEAK = YES;
				CLANG_WARN_BLOCK_CAPTURE_AUTORELEASING = YES;
				CLANG_WARN_BOOL_CONVERSION = YES;
				CLANG_WARN_COMMA = YES;
				CLANG_WARN_CONSTANT_CONVERSION = YES;
				CLANG_WARN_DEPRECATED_OBJC_IMPLEMENTATIONS = YES;
				CLANG_WARN_DIRECT_OBJC_ISA_USAGE = YES_ERROR;
				CLANG_WARN_DOCUMENTATION_COMMENTS = YES;
				CLANG_WARN_EMPTY_BODY = YES;
				CLANG_WARN_ENUM_CONVERSION = YES;
				CLANG_WARN_INFINITE_RECURSION = YES;
				CLANG_WARN_INT_CONVERSION = YES;
				CLANG_WARN_NON_LITERAL_NULL_CONVERSION = YES;
				CLANG_WARN_OBJC_IMPLICIT_RETAIN_SELF = YES;
				CLANG_WARN_OBJC_LITERAL_CONVERSION = YES;
				CLANG_WARN_OBJC_ROOT_CLASS = YES_ERROR;
				CLANG_WARN_RANGE_LOOP_ANALYSIS = YES;
				CLANG_WARN_STRICT_PROTOTYPES = YES;
				CLANG_WARN_SUSPICIOUS_MOVE = YES;
				CLANG_WARN_UNGUARDED_AVAILABILITY = YES_AGGRESSIVE;
				CLANG_WARN_UNREACHABLE_CODE = YES;
				CLANG_WARN__DUPLICATE_METHOD_MATCH = YES;
				CODE_SIGN_IDENTITY = "iPhone Developer";
				COPY_PHASE_STRIP = NO;
				DEBUG_INFORMATION_FORMAT = "dwarf-with-dsym";
				ENABLE_NS_ASSERTIONS = NO;
				ENABLE_STRICT_OBJC_MSGSEND = YES;
				GCC_C_LANGUAGE_STANDARD = gnu11;
				GCC_NO_COMMON_BLOCKS = YES;
				GCC_WARN_64_TO_32_BIT_CONVERSION = YES;
				GCC_WARN_ABOUT_RETURN_TYPE = YES_ERROR;
				GCC_WARN_UNDECLARED_SELECTOR = YES;
				GCC_WARN_UNINITIALIZED_AUTOS = YES_AGGRESSIVE;
				GCC_WARN_UNUSED_FUNCTION = YES;
				GCC_WARN_UNUSED_VARIABLE = YES;
				IPHONEOS_DEPLOYMENT_TARGET = 12.2;
				MTL_ENABLE_DEBUG_INFO = NO;
				MTL_FAST_MATH = YES;
				SDKROOT = iphoneos;
				SWIFT_COMPILATION_MODE = wholemodule;
				SWIFT_OPTIMIZATION_LEVEL = "-O";
				VALIDATE_PRODUCT = YES;
			};
			name = Release;
		};
		AAD563AE24C90B55000A816A /* Debug */ = {
			isa = XCBuildConfiguration;
			buildSettings = {
				ASSETCATALOG_COMPILER_APPICON_NAME = AppIcon;
				CODE_SIGN_STYLE = Automatic;
				DEVELOPMENT_TEAM = A7HW732LQA;
				INFOPLIST_FILE = Tipster/Info.plist;
				LD_RUNPATH_SEARCH_PATHS = (
					"$(inherited)",
					"@executable_path/Frameworks",
				);
				PRODUCT_BUNDLE_IDENTIFIER = com.example.Tipster;
				PRODUCT_NAME = "$(TARGET_NAME)";
				SWIFT_VERSION = 5.0;
				TARGETED_DEVICE_FAMILY = "1,2";
			};
			name = Debug;
		};
		AAD563AF24C90B55000A816A /* Release */ = {
			isa = XCBuildConfiguration;
			buildSettings = {
				ASSETCATALOG_COMPILER_APPICON_NAME = AppIcon;
				CODE_SIGN_STYLE = Automatic;
				DEVELOPMENT_TEAM = A7HW732LQA;
				INFOPLIST_FILE = Tipster/Info.plist;
				LD_RUNPATH_SEARCH_PATHS = (
					"$(inherited)",
					"@executable_path/Frameworks",
				);
				PRODUCT_BUNDLE_IDENTIFIER = com.example.Tipster;
				PRODUCT_NAME = "$(TARGET_NAME)";
				SWIFT_VERSION = 5.0;
				TARGETED_DEVICE_FAMILY = "1,2";
			};
			name = Release;
		};
		AAD563B124C90B55000A816A /* Debug */ = {
			isa = XCBuildConfiguration;
			buildSettings = {
				ALWAYS_EMBED_SWIFT_STANDARD_LIBRARIES = YES;
				BUNDLE_LOADER = "$(TEST_HOST)";
				CODE_SIGN_STYLE = Automatic;
				DEVELOPMENT_TEAM = A7HW732LQA;
				INFOPLIST_FILE = TipsterTests/Info.plist;
				LD_RUNPATH_SEARCH_PATHS = (
					"$(inherited)",
					"@executable_path/Frameworks",
					"@loader_path/Frameworks",
				);
				PRODUCT_BUNDLE_IDENTIFIER = com.example.TipsterTests;
				PRODUCT_NAME = "$(TARGET_NAME)";
				SWIFT_VERSION = 5.0;
				TARGETED_DEVICE_FAMILY = "1,2";
				TEST_HOST = "$(BUILT_PRODUCTS_DIR)/Tipster.app/Tipster";
			};
			name = Debug;
		};
		AAD563B224C90B55000A816A /* Release */ = {
			isa = XCBuildConfiguration;
			buildSettings = {
				ALWAYS_EMBED_SWIFT_STANDARD_LIBRARIES = YES;
				BUNDLE_LOADER = "$(TEST_HOST)";
				CODE_SIGN_STYLE = Automatic;
				DEVELOPMENT_TEAM = A7HW732LQA;
				INFOPLIST_FILE = TipsterTests/Info.plist;
				LD_RUNPATH_SEARCH_PATHS = (
					"$(inherited)",
					"@executable_path/Frameworks",
					"@loader_path/Frameworks",
				);
				PRODUCT_BUNDLE_IDENTIFIER = com.example.TipsterTests;
				PRODUCT_NAME = "$(TARGET_NAME)";
				SWIFT_VERSION = 5.0;
				TARGETED_DEVICE_FAMILY = "1,2";
				TEST_HOST = "$(BUILT_PRODUCTS_DIR)/Tipster.app/Tipster";
			};
			name = Release;
		};
		AAD563B424C90B55000A816A /* Debug */ = {
			isa = XCBuildConfiguration;
			buildSettings = {
				ALWAYS_EMBED_SWIFT_STANDARD_LIBRARIES = YES;
				CODE_SIGN_STYLE = Automatic;
				DEVELOPMENT_TEAM = A7HW732LQA;
				INFOPLIST_FILE = TipsterUITests/Info.plist;
				LD_RUNPATH_SEARCH_PATHS = (
					"$(inherited)",
					"@executable_path/Frameworks",
					"@loader_path/Frameworks",
				);
				PRODUCT_BUNDLE_IDENTIFIER = com.example.TipsterUITests;
				PRODUCT_NAME = "$(TARGET_NAME)";
				SWIFT_VERSION = 5.0;
				TARGETED_DEVICE_FAMILY = "1,2";
				TEST_TARGET_NAME = Tipster;
			};
			name = Debug;
		};
		AAD563B524C90B55000A816A /* Release */ = {
			isa = XCBuildConfiguration;
			buildSettings = {
				ALWAYS_EMBED_SWIFT_STANDARD_LIBRARIES = YES;
				CODE_SIGN_STYLE = Automatic;
				DEVELOPMENT_TEAM = A7HW732LQA;
				INFOPLIST_FILE = TipsterUITests/Info.plist;
				LD_RUNPATH_SEARCH_PATHS = (
					"$(inherited)",
					"@executable_path/Frameworks",
					"@loader_path/Frameworks",
				);
				PRODUCT_BUNDLE_IDENTIFIER = com.example.TipsterUITests;
				PRODUCT_NAME = "$(TARGET_NAME)";
				SWIFT_VERSION = 5.0;
				TARGETED_DEVICE_FAMILY = "1,2";
				TEST_TARGET_NAME = Tipster;
			};
			name = Release;
		};
/* End XCBuildConfiguration section */

/* Begin XCConfigurationList section */
		AAD5638024C90B4F000A816A /* Build configuration list for PBXProject "Tipster" */ = {
			isa = XCConfigurationList;
			buildConfigurations = (
				AAD563AB24C90B55000A816A /* Debug */,
				AAD563AC24C90B55000A816A /* Release */,
			);
			defaultConfigurationIsVisible = 0;
			defaultConfigurationName = Release;
		};
		AAD563AD24C90B55000A816A /* Build configuration list for PBXNativeTarget "Tipster" */ = {
			isa = XCConfigurationList;
			buildConfigurations = (
				AAD563AE24C90B55000A816A /* Debug */,
				AAD563AF24C90B55000A816A /* Release */,
			);
			defaultConfigurationIsVisible = 0;
			defaultConfigurationName = Release;
		};
		AAD563B024C90B55000A816A /* Build configuration list for PBXNativeTarget "TipsterTests" */ = {
			isa = XCConfigurationList;
			buildConfigurations = (
				AAD563B124C90B55000A816A /* Debug */,
				AAD563B224C90B55000A816A /* Release */,
			);
			defaultConfigurationIsVisible = 0;
			defaultConfigurationName = Release;
		};
		AAD563B324C90B55000A816A /* Build configuration list for PBXNativeTarget "TipsterUITests" */ = {
			isa = XCConfigurationList;
			buildConfigurations = (
				AAD563B424C90B55000A816A /* Debug */,
				AAD563B524C90B55000A816A /* Release */,
			);
			defaultConfigurationIsVisible = 0;
			defaultConfigurationName = Release;
		};
/* End XCConfigurationList section */
	};
	rootObject = AAD5637D24C90B4F000A816A /* Project object */;
}
